
Microsoft Visual Studio Solution File, Format Version 12.00
# Visual Studio Version 17
VisualStudioVersion = 17.7.34221.43
MinimumVisualStudioVersion = 10.0.40219.1
Project("{FAE04EC0-301F-11D3-BF4B-00C04F79EFBC}") = "OnlineHomeBaking", "OnlineHomeBaking.csproj", "{97CBF2AE-1DD8-4E1A-AB9E-E2D27BF37870}"
EndProject
Global
	GlobalSection(SolutionConfigurationPlatforms) = preSolution
		Debug|Any CPU = Debug|Any CPU
		Release|Any CPU = Release|Any CPU
	EndGlobalSection
	GlobalSection(ProjectConfigurationPlatforms) = postSolution
		{97CBF2AE-1DD8-4E1A-AB9E-E2D27BF37870}.Debug|Any CPU.ActiveCfg = Debug|Any CPU
		{97CBF2AE-1DD8-4E1A-AB9E-E2D27BF37870}.Debug|Any CPU.Build.0 = Debug|Any CPU
		{97CBF2AE-1DD8-4E1A-AB9E-E2D27BF37870}.Release|Any CPU.ActiveCfg = Release|Any CPU
		{97CBF2AE-1DD8-4E1A-AB9E-E2D27BF37870}.Release|Any CPU.Build.0 = Release|Any CPU
	EndGlobalSection
	GlobalSection(SolutionProperties) = preSolution
		HideSolutionNode = FALSE
	EndGlobalSection
	GlobalSection(ExtensibilityGlobals) = postSolution
		SolutionGuid = {85750256-4F7C-4321-878F-21B5BE11CE9E}
	EndGlobalSection
EndGlobal
